
Microsoft Visual Studio Solution File, Format Version 12.00
# Visual Studio Version 17
VisualStudioVersion = 17.11.35208.52
MinimumVisualStudioVersion = 10.0.40219.1
Project("{9A19103F-16F7-4668-BE54-9A1E7A4F7556}") = "Belan_30323.UI", "Belan_30323.UI\Belan_30323.UI.csproj", "{E6B5FA69-7BA7-4A89-ADB5-6DFC0BD8FBFA}"
EndProject
Project("{9A19103F-16F7-4668-BE54-9A1E7A4F7556}") = "Belan_30323.Domain", "Belan_30323.Domain\Belan_30323.Domain.csproj", "{AADE6B13-C799-4AA5-9354-87DD60C670E1}"
EndProject
Project("{9A19103F-16F7-4668-BE54-9A1E7A4F7556}") = "Belan_30323.Api", "Belan_30323.Api\Belan_30323.Api.csproj", "{99B4096E-1FB3-439B-BA68-14CB3A1774D8}"
EndProject
Project("{FAE04EC0-301F-11D3-BF4B-00C04F79EFBC}") = "Belan_30323.Blazor", "Belan_30323.Blazor\Belan_30323.Blazor.csproj", "{C5A1DD5F-9218-4EE0-A6D8-DCC241299CAF}"
EndProject
Project("{FAE04EC0-301F-11D3-BF4B-00C04F79EFBC}") = "Belan_30323.Tests", "Belan_30323.Tests\Belan_30323.Tests.csproj", "{5FE94BDF-7813-40B9-AC7D-6CBD94139D8D}"
EndProject
Global
	GlobalSection(SolutionConfigurationPlatforms) = preSolution
		Debug|Any CPU = Debug|Any CPU
		Release|Any CPU = Release|Any CPU
	EndGlobalSection
	GlobalSection(ProjectConfigurationPlatforms) = postSolution
		{E6B5FA69-7BA7-4A89-ADB5-6DFC0BD8FBFA}.Debug|Any CPU.ActiveCfg = Debug|Any CPU
		{E6B5FA69-7BA7-4A89-ADB5-6DFC0BD8FBFA}.Debug|Any CPU.Build.0 = Debug|Any CPU
		{E6B5FA69-7BA7-4A89-ADB5-6DFC0BD8FBFA}.Release|Any CPU.ActiveCfg = Release|Any CPU
		{E6B5FA69-7BA7-4A89-ADB5-6DFC0BD8FBFA}.Release|Any CPU.Build.0 = Release|Any CPU
		{AADE6B13-C799-4AA5-9354-87DD60C670E1}.Debug|Any CPU.ActiveCfg = Debug|Any CPU
		{AADE6B13-C799-4AA5-9354-87DD60C670E1}.Debug|Any CPU.Build.0 = Debug|Any CPU
		{AADE6B13-C799-4AA5-9354-87DD60C670E1}.Release|Any CPU.ActiveCfg = Release|Any CPU
		{AADE6B13-C799-4AA5-9354-87DD60C670E1}.Release|Any CPU.Build.0 = Release|Any CPU
		{99B4096E-1FB3-439B-BA68-14CB3A1774D8}.Debug|Any CPU.ActiveCfg = Debug|Any CPU
		{99B4096E-1FB3-439B-BA68-14CB3A1774D8}.Debug|Any CPU.Build.0 = Debug|Any CPU
		{99B4096E-1FB3-439B-BA68-14CB3A1774D8}.Release|Any CPU.ActiveCfg = Release|Any CPU
		{99B4096E-1FB3-439B-BA68-14CB3A1774D8}.Release|Any CPU.Build.0 = Release|Any CPU
		{C5A1DD5F-9218-4EE0-A6D8-DCC241299CAF}.Debug|Any CPU.ActiveCfg = Debug|Any CPU
		{C5A1DD5F-9218-4EE0-A6D8-DCC241299CAF}.Debug|Any CPU.Build.0 = Debug|Any CPU
		{C5A1DD5F-9218-4EE0-A6D8-DCC241299CAF}.Release|Any CPU.ActiveCfg = Release|Any CPU
		{C5A1DD5F-9218-4EE0-A6D8-DCC241299CAF}.Release|Any CPU.Build.0 = Release|Any CPU
		{5FE94BDF-7813-40B9-AC7D-6CBD94139D8D}.Debug|Any CPU.ActiveCfg = Debug|Any CPU
		{5FE94BDF-7813-40B9-AC7D-6CBD94139D8D}.Debug|Any CPU.Build.0 = Debug|Any CPU
		{5FE94BDF-7813-40B9-AC7D-6CBD94139D8D}.Release|Any CPU.ActiveCfg = Release|Any CPU
		{5FE94BDF-7813-40B9-AC7D-6CBD94139D8D}.Release|Any CPU.Build.0 = Release|Any CPU
	EndGlobalSection
	GlobalSection(SolutionProperties) = preSolution
		HideSolutionNode = FALSE
	EndGlobalSection
	GlobalSection(ExtensibilityGlobals) = postSolution
		SolutionGuid = {E0F17D4A-0A81-4E2F-A64A-502722EC2343}
	EndGlobalSection
EndGlobal
